{
  "name": "nlplearn",
  "version": "0.1.0",
  "lockfileVersion": 2,
  "requires": true,
  "packages": {
    "": {
      "name": "nlplearn",
      "version": "0.1.0",
      "license": "MPL-2.0",
      "dependencies": {
        "porter-stemmer": "^0.9.1",
        "stopwords-iso": "^1.1.0"
      }
    },
    "node_modules/porter-stemmer": {
      "version": "0.9.1",
      "resolved": "https://registry.npmjs.org/porter-stemmer/-/porter-stemmer-0.9.1.tgz",
      "integrity": "sha1-oW7Oo6vkRySsiMFIACHqNrqiH5s=",
      "engines": {
        "node": "*"
      }
    },
    "node_modules/stopwords-iso": {
      "version": "1.1.0",
      "resolved": "https://registry.npmjs.org/stopwords-iso/-/stopwords-iso-1.1.0.tgz",
      "integrity": "sha512-I6GPS/E0zyieHehMRPQcqkiBMJKGgLta+1hREixhoLPqEA0AlVFiC43dl8uPpmkkeRdDMzYRWFWk5/l9x7nmNg==",
      "engines": {
        "node": ">=0.10.0"
      }
    }
  },
  "dependencies": {
    "porter-stemmer": {
      "version": "0.9.1",
      "resolved": "https://registry.npmjs.org/porter-stemmer/-/porter-stemmer-0.9.1.tgz",
      "integrity": "sha1-oW7Oo6vkRySsiMFIACHqNrqiH5s="
    },
    "stopwords-iso": {
      "version": "1.1.0",
      "resolved": "https://registry.npmjs.org/stopwords-iso/-/stopwords-iso-1.1.0.tgz",
      "integrity": "sha512-I6GPS/E0zyieHehMRPQcqkiBMJKGgLta+1hREixhoLPqEA0AlVFiC43dl8uPpmkkeRdDMzYRWFWk5/l9x7nmNg=="
    }
  }
}
